
Microsoft Visual Studio Solution File, Format Version 12.00
# Visual Studio Version 16
VisualStudioVersion = 16.0.31321.278
MinimumVisualStudioVersion = 10.0.40219.1
Project("{8BC9CEB8-8B4A-11D0-8D11-00A0C91BC942}") = "LearnOpenGL", "LearnOpenGL\LearnOpenGL.vcxproj", "{E2B97153-A26B-405B-B2AC-23D8F4935FAD}"
EndProject
Global
	GlobalSection(SolutionConfigurationPlatforms) = preSolution
		Debug|x64 = Debug|x64
		Release|x64 = Release|x64
	EndGlobalSection
	GlobalSection(ProjectConfigurationPlatforms) = postSolution
		{E2B97153-A26B-405B-B2AC-23D8F4935FAD}.Debug|x64.ActiveCfg = Debug|x64
		{E2B97153-A26B-405B-B2AC-23D8F4935FAD}.Debug|x64.Build.0 = Debug|x64
		{E2B97153-A26B-405B-B2AC-23D8F4935FAD}.Release|x64.ActiveCfg = Release|x64
		{E2B97153-A26B-405B-B2AC-23D8F4935FAD}.Release|x64.Build.0 = Release|x64
	EndGlobalSection
	GlobalSection(SolutionProperties) = preSolution
		HideSolutionNode = FALSE
	EndGlobalSection
	GlobalSection(ExtensibilityGlobals) = postSolution
		SolutionGuid = {CCFFE424-24B1-4E21-A5B8-CAB218680AA6}
	EndGlobalSection
EndGlobal
